// !$*UTF8*$!
{
	archiveVersion = 1;
	classes = {
	};
	objectVersion = 56;
	objects = {

/* Begin PBXBuildFile section */
		46D09D052A3B6DB600358550 /* AppDelegate.swift in Sources */ = {isa = PBXBuildFile; fileRef = 46D09D042A3B6DB600358550 /* AppDelegate.swift */; };
		46D09D072A3B6DB600358550 /* SceneDelegate.swift in Sources */ = {isa = PBXBuildFile; fileRef = 46D09D062A3B6DB600358550 /* SceneDelegate.swift */; };
		46D09D092A3B6DB600358550 /* MainTabBarViewController.swift in Sources */ = {isa = PBXBuildFile; fileRef = 46D09D082A3B6DB600358550 /* MainTabBarViewController.swift */; };
		46D09D0E2A3B6DB700358550 /* Assets.xcassets in Resources */ = {isa = PBXBuildFile; fileRef = 46D09D0D2A3B6DB700358550 /* Assets.xcassets */; };
		46D09D112A3B6DB700358550 /* LaunchScreen.storyboard in Resources */ = {isa = PBXBuildFile; fileRef = 46D09D0F2A3B6DB700358550 /* LaunchScreen.storyboard */; };
		46D09D1A2A3B71F400358550 /* HomeViewController.swift in Sources */ = {isa = PBXBuildFile; fileRef = 46D09D192A3B71F400358550 /* HomeViewController.swift */; };
		46D09D1C2A3B723600358550 /* UpcomingViewController.swift in Sources */ = {isa = PBXBuildFile; fileRef = 46D09D1B2A3B723600358550 /* UpcomingViewController.swift */; };
		46D09D1E2A3B726500358550 /* SearchViewController.swift in Sources */ = {isa = PBXBuildFile; fileRef = 46D09D1D2A3B726500358550 /* SearchViewController.swift */; };
		46D09D202A3B728400358550 /* DownloadsViewController.swift in Sources */ = {isa = PBXBuildFile; fileRef = 46D09D1F2A3B728400358550 /* DownloadsViewController.swift */; };
		46D09D272A3B807700358550 /* CollectionViewTableViewCell.swift in Sources */ = {isa = PBXBuildFile; fileRef = 46D09D262A3B807700358550 /* CollectionViewTableViewCell.swift */; };
		46D09D292A3B9C9400358550 /* HomeHeaderUIView.swift in Sources */ = {isa = PBXBuildFile; fileRef = 46D09D282A3B9C9400358550 /* HomeHeaderUIView.swift */; };
/* End PBXBuildFile section */

/* Begin PBXFileReference section */
		46D09D012A3B6DB600358550 /* UIKit-Netflix-Clone.app */ = {isa = PBXFileReference; explicitFileType = wrapper.application; includeInIndex = 0; path = "UIKit-Netflix-Clone.app"; sourceTree = BUILT_PRODUCTS_DIR; };
		46D09D042A3B6DB600358550 /* AppDelegate.swift */ = {isa = PBXFileReference; lastKnownFileType = sourcecode.swift; path = AppDelegate.swift; sourceTree = "<group>"; };
		46D09D062A3B6DB600358550 /* SceneDelegate.swift */ = {isa = PBXFileReference; lastKnownFileType = sourcecode.swift; path = SceneDelegate.swift; sourceTree = "<group>"; };
		46D09D082A3B6DB600358550 /* MainTabBarViewController.swift */ = {isa = PBXFileReference; lastKnownFileType = sourcecode.swift; path = MainTabBarViewController.swift; sourceTree = "<group>"; };
		46D09D0D2A3B6DB700358550 /* Assets.xcassets */ = {isa = PBXFileReference; lastKnownFileType = folder.assetcatalog; path = Assets.xcassets; sourceTree = "<group>"; };
		46D09D102A3B6DB700358550 /* Base */ = {isa = PBXFileReference; lastKnownFileType = file.storyboard; name = Base; path = Base.lproj/LaunchScreen.storyboard; sourceTree = "<group>"; };
		46D09D122A3B6DB700358550 /* Info.plist */ = {isa = PBXFileReference; lastKnownFileType = text.plist.xml; path = Info.plist; sourceTree = "<group>"; };
		46D09D192A3B71F400358550 /* HomeViewController.swift */ = {isa = PBXFileReference; lastKnownFileType = sourcecode.swift; path = HomeViewController.swift; sourceTree = "<group>"; };
		46D09D1B2A3B723600358550 /* UpcomingViewController.swift */ = {isa = PBXFileReference; lastKnownFileType = sourcecode.swift; path = UpcomingViewController.swift; sourceTree = "<group>"; };
		46D09D1D2A3B726500358550 /* SearchViewController.swift */ = {isa = PBXFileReference; lastKnownFileType = sourcecode.swift; path = SearchViewController.swift; sourceTree = "<group>"; };
		46D09D1F2A3B728400358550 /* DownloadsViewController.swift */ = {isa = PBXFileReference; lastKnownFileType = sourcecode.swift; path = DownloadsViewController.swift; sourceTree = "<group>"; };
		46D09D262A3B807700358550 /* CollectionViewTableViewCell.swift */ = {isa = PBXFileReference; lastKnownFileType = sourcecode.swift; path = CollectionViewTableViewCell.swift; sourceTree = "<group>"; };
		46D09D282A3B9C9400358550 /* HomeHeaderUIView.swift */ = {isa = PBXFileReference; lastKnownFileType = sourcecode.swift; path = HomeHeaderUIView.swift; sourceTree = "<group>"; };
/* End PBXFileReference section */

/* Begin PBXFrameworksBuildPhase section */
		46D09CFE2A3B6DB600358550 /* Frameworks */ = {
			isa = PBXFrameworksBuildPhase;
			buildActionMask = 2147483647;
			files = (
			);
			runOnlyForDeploymentPostprocessing = 0;
		};
/* End PBXFrameworksBuildPhase section */

/* Begin PBXGroup section */
		46D09CF82A3B6DB600358550 = {
			isa = PBXGroup;
			children = (
				46D09D032A3B6DB600358550 /* UIKit-Netflix-Clone */,
				46D09D022A3B6DB600358550 /* Products */,
			);
			sourceTree = "<group>";
		};
		46D09D022A3B6DB600358550 /* Products */ = {
			isa = PBXGroup;
			children = (
				46D09D012A3B6DB600358550 /* UIKit-Netflix-Clone.app */,
			);
			name = Products;
			sourceTree = "<group>";
		};
		46D09D032A3B6DB600358550 /* UIKit-Netflix-Clone */ = {
			isa = PBXGroup;
			children = (
				46D09D252A3B804300358550 /* Managers */,
				46D09D242A3B803A00358550 /* Resources */,
				46D09D232A3B7FF200358550 /* Models */,
				46D09D222A3B7FE800358550 /* Views */,
				46D09D212A3B7FDB00358550 /* ViewModels */,
				46D09D182A3B71D300358550 /* Controllers */,
				46D09D042A3B6DB600358550 /* AppDelegate.swift */,
				46D09D062A3B6DB600358550 /* SceneDelegate.swift */,
				46D09D082A3B6DB600358550 /* MainTabBarViewController.swift */,
				46D09D0D2A3B6DB700358550 /* Assets.xcassets */,
				46D09D0F2A3B6DB700358550 /* LaunchScreen.storyboard */,
				46D09D122A3B6DB700358550 /* Info.plist */,
			);
			path = "UIKit-Netflix-Clone";
			sourceTree = "<group>";
		};
		46D09D182A3B71D300358550 /* Controllers */ = {
			isa = PBXGroup;
			children = (
				46D09D192A3B71F400358550 /* HomeViewController.swift */,
				46D09D1B2A3B723600358550 /* UpcomingViewController.swift */,
				46D09D1D2A3B726500358550 /* SearchViewController.swift */,
				46D09D1F2A3B728400358550 /* DownloadsViewController.swift */,
			);
			path = Controllers;
			sourceTree = "<group>";
		};
		46D09D212A3B7FDB00358550 /* ViewModels */ = {
			isa = PBXGroup;
			children = (
			);
			path = ViewModels;
			sourceTree = "<group>";
		};
		46D09D222A3B7FE800358550 /* Views */ = {
			isa = PBXGroup;
			children = (
				46D09D262A3B807700358550 /* CollectionViewTableViewCell.swift */,
				46D09D282A3B9C9400358550 /* HomeHeaderUIView.swift */,
			);
			path = Views;
			sourceTree = "<group>";
		};
		46D09D232A3B7FF200358550 /* Models */ = {
			isa = PBXGroup;
			children = (
			);
			path = Models;
			sourceTree = "<group>";
		};
		46D09D242A3B803A00358550 /* Resources */ = {
			isa = PBXGroup;
			children = (
			);
			path = Resources;
			sourceTree = "<group>";
		};
		46D09D252A3B804300358550 /* Managers */ = {
			isa = PBXGroup;
			children = (
			);
			path = Managers;
			sourceTree = "<group>";
		};
/* End PBXGroup section */

/* Begin PBXNativeTarget section */
		46D09D002A3B6DB600358550 /* UIKit-Netflix-Clone */ = {
			isa = PBXNativeTarget;
			buildConfigurationList = 46D09D152A3B6DB700358550 /* Build configuration list for PBXNativeTarget "UIKit-Netflix-Clone" */;
			buildPhases = (
				46D09CFD2A3B6DB600358550 /* Sources */,
				46D09CFE2A3B6DB600358550 /* Frameworks */,
				46D09CFF2A3B6DB600358550 /* Resources */,
			);
			buildRules = (
			);
			dependencies = (
			);
			name = "UIKit-Netflix-Clone";
			productName = "UIKit-Netflix-Clone";
			productReference = 46D09D012A3B6DB600358550 /* UIKit-Netflix-Clone.app */;
			productType = "com.apple.product-type.application";
		};
/* End PBXNativeTarget section */

/* Begin PBXProject section */
		46D09CF92A3B6DB600358550 /* Project object */ = {
			isa = PBXProject;
			attributes = {
				BuildIndependentTargetsInParallel = 1;
				LastSwiftUpdateCheck = 1500;
				LastUpgradeCheck = 1500;
				TargetAttributes = {
					46D09D002A3B6DB600358550 = {
						CreatedOnToolsVersion = 15.0;
					};
				};
			};
			buildConfigurationList = 46D09CFC2A3B6DB600358550 /* Build configuration list for PBXProject "UIKit-Netflix-Clone" */;
			compatibilityVersion = "Xcode 14.0";
			developmentRegion = en;
			hasScannedForEncodings = 0;
			knownRegions = (
				en,
				Base,
			);
			mainGroup = 46D09CF82A3B6DB600358550;
			productRefGroup = 46D09D022A3B6DB600358550 /* Products */;
			projectDirPath = "";
			projectRoot = "";
			targets = (
				46D09D002A3B6DB600358550 /* UIKit-Netflix-Clone */,
			);
		};
/* End PBXProject section */

/* Begin PBXResourcesBuildPhase section */
		46D09CFF2A3B6DB600358550 /* Resources */ = {
			isa = PBXResourcesBuildPhase;
			buildActionMask = 2147483647;
			files = (
				46D09D112A3B6DB700358550 /* LaunchScreen.storyboard in Resources */,
				46D09D0E2A3B6DB700358550 /* Assets.xcassets in Resources */,
			);
			runOnlyForDeploymentPostprocessing = 0;
		};
/* End PBXResourcesBuildPhase section */

/* Begin PBXSourcesBuildPhase section */
		46D09CFD2A3B6DB600358550 /* Sources */ = {
			isa = PBXSourcesBuildPhase;
			buildActionMask = 2147483647;
			files = (
				46D09D1E2A3B726500358550 /* SearchViewController.swift in Sources */,
				46D09D092A3B6DB600358550 /* MainTabBarViewController.swift in Sources */,
				46D09D272A3B807700358550 /* CollectionViewTableViewCell.swift in Sources */,
				46D09D202A3B728400358550 /* DownloadsViewController.swift in Sources */,
				46D09D052A3B6DB600358550 /* AppDelegate.swift in Sources */,
				46D09D072A3B6DB600358550 /* SceneDelegate.swift in Sources */,
				46D09D1C2A3B723600358550 /* UpcomingViewController.swift in Sources */,
				46D09D1A2A3B71F400358550 /* HomeViewController.swift in Sources */,
				46D09D292A3B9C9400358550 /* HomeHeaderUIView.swift in Sources */,
			);
			runOnlyForDeploymentPostprocessing = 0;
		};
/* End PBXSourcesBuildPhase section */

/* Begin PBXVariantGroup section */
		46D09D0F2A3B6DB700358550 /* LaunchScreen.storyboard */ = {
			isa = PBXVariantGroup;
			children = (
				46D09D102A3B6DB700358550 /* Base */,
			);
			name = LaunchScreen.storyboard;
			sourceTree = "<group>";
		};
/* End PBXVariantGroup section */

/* Begin XCBuildConfiguration section */
		46D09D132A3B6DB700358550 /* Debug */ = {
			isa = XCBuildConfiguration;
			buildSettings = {
				ALWAYS_SEARCH_USER_PATHS = NO;
				ASSETCATALOG_COMPILER_GENERATE_SWIFT_ASSET_SYMBOL_EXTENSIONS = YES;
				CLANG_ANALYZER_NONNULL = YES;
				CLANG_ANALYZER_NUMBER_OBJECT_CONVERSION = YES_AGGRESSIVE;
				CLANG_CXX_LANGUAGE_STANDARD = "gnu++20";
				CLANG_ENABLE_MODULES = YES;
				CLANG_ENABLE_OBJC_ARC = YES;
				CLANG_ENABLE_OBJC_WEAK = YES;
				CLANG_WARN_BLOCK_CAPTURE_AUTORELEASING = YES;
				CLANG_WARN_BOOL_CONVERSION = YES;
				CLANG_WARN_COMMA = YES;
				CLANG_WARN_CONSTANT_CONVERSION = YES;
				CLANG_WARN_DEPRECATED_OBJC_IMPLEMENTATIONS = YES;
				CLANG_WARN_DIRECT_OBJC_ISA_USAGE = YES_ERROR;
				CLANG_WARN_DOCUMENTATION_COMMENTS = YES;
				CLANG_WARN_EMPTY_BODY = YES;
				CLANG_WARN_ENUM_CONVERSION = YES;
				CLANG_WARN_INFINITE_RECURSION = YES;
				CLANG_WARN_INT_CONVERSION = YES;
				CLANG_WARN_NON_LITERAL_NULL_CONVERSION = YES;
				CLANG_WARN_OBJC_IMPLICIT_RETAIN_SELF = YES;
				CLANG_WARN_OBJC_LITERAL_CONVERSION = YES;
				CLANG_WARN_OBJC_ROOT_CLASS = YES_ERROR;
				CLANG_WARN_QUOTED_INCLUDE_IN_FRAMEWORK_HEADER = YES;
				CLANG_WARN_RANGE_LOOP_ANALYSIS = YES;
				CLANG_WARN_STRICT_PROTOTYPES = YES;
				CLANG_WARN_SUSPICIOUS_MOVE = YES;
				CLANG_WARN_UNGUARDED_AVAILABILITY = YES_AGGRESSIVE;
				CLANG_WARN_UNREACHABLE_CODE = YES;
				CLANG_WARN__DUPLICATE_METHOD_MATCH = YES;
				COPY_PHASE_STRIP = NO;
				DEBUG_INFORMATION_FORMAT = dwarf;
				ENABLE_STRICT_OBJC_MSGSEND = YES;
				ENABLE_TESTABILITY = YES;
				ENABLE_USER_SCRIPT_SANDBOXING = YES;
				GCC_C_LANGUAGE_STANDARD = gnu17;
				GCC_DYNAMIC_NO_PIC = NO;
				GCC_NO_COMMON_BLOCKS = YES;
				GCC_OPTIMIZATION_LEVEL = 0;
				GCC_PREPROCESSOR_DEFINITIONS = (
					"DEBUG=1",
					"$(inherited)",
				);
				GCC_WARN_64_TO_32_BIT_CONVERSION = YES;
				GCC_WARN_ABOUT_RETURN_TYPE = YES_ERROR;
				GCC_WARN_UNDECLARED_SELECTOR = YES;
				GCC_WARN_UNINITIALIZED_AUTOS = YES_AGGRESSIVE;
				GCC_WARN_UNUSED_FUNCTION = YES;
				GCC_WARN_UNUSED_VARIABLE = YES;
				IPHONEOS_DEPLOYMENT_TARGET = 17.0;
				LOCALIZATION_PREFERS_STRING_CATALOGS = YES;
				MTL_ENABLE_DEBUG_INFO = INCLUDE_SOURCE;
				MTL_FAST_MATH = YES;
				ONLY_ACTIVE_ARCH = YES;
				SDKROOT = iphoneos;
				SWIFT_ACTIVE_COMPILATION_CONDITIONS = "DEBUG $(inherited)";
				SWIFT_OPTIMIZATION_LEVEL = "-Onone";
			};
			name = Debug;
		};
		46D09D142A3B6DB700358550 /* Release */ = {
			isa = XCBuildConfiguration;
			buildSettings = {
				ALWAYS_SEARCH_USER_PATHS = NO;
				ASSETCATALOG_COMPILER_GENERATE_SWIFT_ASSET_SYMBOL_EXTENSIONS = YES;
				CLANG_ANALYZER_NONNULL = YES;
				CLANG_ANALYZER_NUMBER_OBJECT_CONVERSION = YES_AGGRESSIVE;
				CLANG_CXX_LANGUAGE_STANDARD = "gnu++20";
				CLANG_ENABLE_MODULES = YES;
				CLANG_ENABLE_OBJC_ARC = YES;
				CLANG_ENABLE_OBJC_WEAK = YES;
				CLANG_WARN_BLOCK_CAPTURE_AUTORELEASING = YES;
				CLANG_WARN_BOOL_CONVERSION = YES;
				CLANG_WARN_COMMA = YES;
				CLANG_WARN_CONSTANT_CONVERSION = YES;
				CLANG_WARN_DEPRECATED_OBJC_IMPLEMENTATIONS = YES;
				CLANG_WARN_DIRECT_OBJC_ISA_USAGE = YES_ERROR;
				CLANG_WARN_DOCUMENTATION_COMMENTS = YES;
				CLANG_WARN_EMPTY_BODY = YES;
				CLANG_WARN_ENUM_CONVERSION = YES;
				CLANG_WARN_INFINITE_RECURSION = YES;
				CLANG_WARN_INT_CONVERSION = YES;
				CLANG_WARN_NON_LITERAL_NULL_CONVERSION = YES;
				CLANG_WARN_OBJC_IMPLICIT_RETAIN_SELF = YES;
				CLANG_WARN_OBJC_LITERAL_CONVERSION = YES;
				CLANG_WARN_OBJC_ROOT_CLASS = YES_ERROR;
				CLANG_WARN_QUOTED_INCLUDE_IN_FRAMEWORK_HEADER = YES;
				CLANG_WARN_RANGE_LOOP_ANALYSIS = YES;
				CLANG_WARN_STRICT_PROTOTYPES = YES;
				CLANG_WARN_SUSPICIOUS_MOVE = YES;
				CLANG_WARN_UNGUARDED_AVAILABILITY = YES_AGGRESSIVE;
				CLANG_WARN_UNREACHABLE_CODE = YES;
				CLANG_WARN__DUPLICATE_METHOD_MATCH = YES;
				COPY_PHASE_STRIP = NO;
				DEBUG_INFORMATION_FORMAT = "dwarf-with-dsym";
				ENABLE_NS_ASSERTIONS = NO;
				ENABLE_STRICT_OBJC_MSGSEND = YES;
				ENABLE_USER_SCRIPT_SANDBOXING = YES;
				GCC_C_LANGUAGE_STANDARD = gnu17;
				GCC_NO_COMMON_BLOCKS = YES;
				GCC_WARN_64_TO_32_BIT_CONVERSION = YES;
				GCC_WARN_ABOUT_RETURN_TYPE = YES_ERROR;
				GCC_WARN_UNDECLARED_SELECTOR = YES;
				GCC_WARN_UNINITIALIZED_AUTOS = YES_AGGRESSIVE;
				GCC_WARN_UNUSED_FUNCTION = YES;
				GCC_WARN_UNUSED_VARIABLE = YES;
				IPHONEOS_DEPLOYMENT_TARGET = 17.0;
				LOCALIZATION_PREFERS_STRING_CATALOGS = YES;
				MTL_ENABLE_DEBUG_INFO = NO;
				MTL_FAST_MATH = YES;
				SDKROOT = iphoneos;
				SWIFT_COMPILATION_MODE = wholemodule;
				VALIDATE_PRODUCT = YES;
			};
			name = Release;
		};
		46D09D162A3B6DB700358550 /* Debug */ = {
			isa = XCBuildConfiguration;
			buildSettings = {
				ASSETCATALOG_COMPILER_APPICON_NAME = AppIcon;
				ASSETCATALOG_COMPILER_GLOBAL_ACCENT_COLOR_NAME = AccentColor;
				CODE_SIGN_STYLE = Automatic;
				CURRENT_PROJECT_VERSION = 1;
				DEVELOPMENT_TEAM = 6VCZGT86T2;
				GENERATE_INFOPLIST_FILE = YES;
				INFOPLIST_FILE = "UIKit-Netflix-Clone/Info.plist";
				INFOPLIST_KEY_UIApplicationSupportsIndirectInputEvents = YES;
				INFOPLIST_KEY_UILaunchStoryboardName = LaunchScreen;
				INFOPLIST_KEY_UISupportedInterfaceOrientations_iPad = "UIInterfaceOrientationPortrait UIInterfaceOrientationPortraitUpsideDown UIInterfaceOrientationLandscapeLeft UIInterfaceOrientationLandscapeRight";
				INFOPLIST_KEY_UISupportedInterfaceOrientations_iPhone = "UIInterfaceOrientationPortrait UIInterfaceOrientationLandscapeLeft UIInterfaceOrientationLandscapeRight";
				LD_RUNPATH_SEARCH_PATHS = (
					"$(inherited)",
					"@executable_path/Frameworks",
				);
				MARKETING_VERSION = 1.0;
				PRODUCT_BUNDLE_IDENTIFIER = "ggandur.UIKit-Netflix-Clone";
				PRODUCT_NAME = "$(TARGET_NAME)";
				SWIFT_EMIT_LOC_STRINGS = YES;
				SWIFT_VERSION = 5.0;
				TARGETED_DEVICE_FAMILY = "1,2";
			};
			name = Debug;
		};
		46D09D172A3B6DB700358550 /* Release */ = {
			isa = XCBuildConfiguration;
			buildSettings = {
				ASSETCATALOG_COMPILER_APPICON_NAME = AppIcon;
				ASSETCATALOG_COMPILER_GLOBAL_ACCENT_COLOR_NAME = AccentColor;
				CODE_SIGN_STYLE = Automatic;
				CURRENT_PROJECT_VERSION = 1;
				DEVELOPMENT_TEAM = 6VCZGT86T2;
				GENERATE_INFOPLIST_FILE = YES;
				INFOPLIST_FILE = "UIKit-Netflix-Clone/Info.plist";
				INFOPLIST_KEY_UIApplicationSupportsIndirectInputEvents = YES;
				INFOPLIST_KEY_UILaunchStoryboardName = LaunchScreen;
				INFOPLIST_KEY_UISupportedInterfaceOrientations_iPad = "UIInterfaceOrientationPortrait UIInterfaceOrientationPortraitUpsideDown UIInterfaceOrientationLandscapeLeft UIInterfaceOrientationLandscapeRight";
				INFOPLIST_KEY_UISupportedInterfaceOrientations_iPhone = "UIInterfaceOrientationPortrait UIInterfaceOrientationLandscapeLeft UIInterfaceOrientationLandscapeRight";
				LD_RUNPATH_SEARCH_PATHS = (
					"$(inherited)",
					"@executable_path/Frameworks",
				);
				MARKETING_VERSION = 1.0;
				PRODUCT_BUNDLE_IDENTIFIER = "ggandur.UIKit-Netflix-Clone";
				PRODUCT_NAME = "$(TARGET_NAME)";
				SWIFT_EMIT_LOC_STRINGS = YES;
				SWIFT_VERSION = 5.0;
				TARGETED_DEVICE_FAMILY = "1,2";
			};
			name = Release;
		};
/* End XCBuildConfiguration section */

/* Begin XCConfigurationList section */
		46D09CFC2A3B6DB600358550 /* Build configuration list for PBXProject "UIKit-Netflix-Clone" */ = {
			isa = XCConfigurationList;
			buildConfigurations = (
				46D09D132A3B6DB700358550 /* Debug */,
				46D09D142A3B6DB700358550 /* Release */,
			);
			defaultConfigurationIsVisible = 0;
			defaultConfigurationName = Release;
		};
		46D09D152A3B6DB700358550 /* Build configuration list for PBXNativeTarget "UIKit-Netflix-Clone" */ = {
			isa = XCConfigurationList;
			buildConfigurations = (
				46D09D162A3B6DB700358550 /* Debug */,
				46D09D172A3B6DB700358550 /* Release */,
			);
			defaultConfigurationIsVisible = 0;
			defaultConfigurationName = Release;
		};
/* End XCConfigurationList section */
	};
	rootObject = 46D09CF92A3B6DB600358550 /* Project object */;
}
